
Microsoft Visual Studio Solution File, Format Version 12.00
# Visual Studio Version 16
VisualStudioVersion = 16.0.30114.105
MinimumVisualStudioVersion = 10.0.40219.1
Project("{9A19103F-16F7-4668-BE54-9A1E7A4F7556}") = "books-lumik.Api", "books-lumik\books-lumik.Api.csproj", "{53B6190A-B518-4BB3-8E62-A0E16B719159}"
EndProject
Project("{9A19103F-16F7-4668-BE54-9A1E7A4F7556}") = "books-lumik.Core", "books-api.Core\books-lumik.Core.csproj", "{4D752F67-42D1-49E6-9356-0C9E2DA47043}"
EndProject
Project("{9A19103F-16F7-4668-BE54-9A1E7A4F7556}") = "books-lumik.Infrastructure", "books-lumik.Infrastructure\books-lumik.Infrastructure.csproj", "{53A56F50-6F92-41D6-9DE4-F72B7E06DB70}"
EndProject
Global
	GlobalSection(SolutionConfigurationPlatforms) = preSolution
		Debug|Any CPU = Debug|Any CPU
		Release|Any CPU = Release|Any CPU
	EndGlobalSection
	GlobalSection(ProjectConfigurationPlatforms) = postSolution
		{53B6190A-B518-4BB3-8E62-A0E16B719159}.Debug|Any CPU.ActiveCfg = Debug|Any CPU
		{53B6190A-B518-4BB3-8E62-A0E16B719159}.Debug|Any CPU.Build.0 = Debug|Any CPU
		{53B6190A-B518-4BB3-8E62-A0E16B719159}.Release|Any CPU.ActiveCfg = Release|Any CPU
		{53B6190A-B518-4BB3-8E62-A0E16B719159}.Release|Any CPU.Build.0 = Release|Any CPU
		{4D752F67-42D1-49E6-9356-0C9E2DA47043}.Debug|Any CPU.ActiveCfg = Debug|Any CPU
		{4D752F67-42D1-49E6-9356-0C9E2DA47043}.Debug|Any CPU.Build.0 = Debug|Any CPU
		{4D752F67-42D1-49E6-9356-0C9E2DA47043}.Release|Any CPU.ActiveCfg = Release|Any CPU
		{4D752F67-42D1-49E6-9356-0C9E2DA47043}.Release|Any CPU.Build.0 = Release|Any CPU
		{53A56F50-6F92-41D6-9DE4-F72B7E06DB70}.Debug|Any CPU.ActiveCfg = Debug|Any CPU
		{53A56F50-6F92-41D6-9DE4-F72B7E06DB70}.Debug|Any CPU.Build.0 = Debug|Any CPU
		{53A56F50-6F92-41D6-9DE4-F72B7E06DB70}.Release|Any CPU.ActiveCfg = Release|Any CPU
		{53A56F50-6F92-41D6-9DE4-F72B7E06DB70}.Release|Any CPU.Build.0 = Release|Any CPU
	EndGlobalSection
	GlobalSection(SolutionProperties) = preSolution
		HideSolutionNode = FALSE
	EndGlobalSection
	GlobalSection(ExtensibilityGlobals) = postSolution
		SolutionGuid = {6E012DA2-E27C-4353-8137-1427D9900383}
	EndGlobalSection
EndGlobal
